// !$*UTF8*$!
{
	archiveVersion = 1;
	classes = {
	};
	objectVersion = 50;
	objects = {

/* Begin PBXBuildFile section */
		5404D52C21AB881A0092DD62 /* MovieListController.swift in Sources */ = {isa = PBXBuildFile; fileRef = 5404D52B21AB881A0092DD62 /* MovieListController.swift */; };
		540916C621ACF9B9002A3A3C /* TheaterListController.swift in Sources */ = {isa = PBXBuildFile; fileRef = 540916C521ACF9B9002A3A3C /* TheaterListController.swift */; };
		542D4E9121A4E80B00D041F4 /* AppDelegate.swift in Sources */ = {isa = PBXBuildFile; fileRef = 542D4E9021A4E80B00D041F4 /* AppDelegate.swift */; };
		542D4E9321A4E80B00D041F4 /* ViewController.swift in Sources */ = {isa = PBXBuildFile; fileRef = 542D4E9221A4E80B00D041F4 /* ViewController.swift */; };
		542D4E9621A4E80B00D041F4 /* Main.storyboard in Resources */ = {isa = PBXBuildFile; fileRef = 542D4E9421A4E80B00D041F4 /* Main.storyboard */; };
		542D4E9921A4E80B00D041F4 /* SampleIOS.xcdatamodeld in Sources */ = {isa = PBXBuildFile; fileRef = 542D4E9721A4E80B00D041F4 /* SampleIOS.xcdatamodeld */; };
		542D4E9B21A4E80D00D041F4 /* Assets.xcassets in Resources */ = {isa = PBXBuildFile; fileRef = 542D4E9A21A4E80D00D041F4 /* Assets.xcassets */; };
		542D4E9E21A4E80D00D041F4 /* LaunchScreen.storyboard in Resources */ = {isa = PBXBuildFile; fileRef = 542D4E9C21A4E80D00D041F4 /* LaunchScreen.storyboard */; };
		542D4EAC21A4E87000D041F4 /* AppDelegate.swift in Sources */ = {isa = PBXBuildFile; fileRef = 542D4EAB21A4E87000D041F4 /* AppDelegate.swift */; };
		542D4EAE21A4E87000D041F4 /* ViewController.swift in Sources */ = {isa = PBXBuildFile; fileRef = 542D4EAD21A4E87000D041F4 /* ViewController.swift */; };
		542D4EB121A4E87000D041F4 /* Main.storyboard in Resources */ = {isa = PBXBuildFile; fileRef = 542D4EAF21A4E87000D041F4 /* Main.storyboard */; };
		542D4EB421A4E87000D041F4 /* MemberManagement.xcdatamodeld in Sources */ = {isa = PBXBuildFile; fileRef = 542D4EB221A4E87000D041F4 /* MemberManagement.xcdatamodeld */; };
		542D4EB621A4E87100D041F4 /* Assets.xcassets in Resources */ = {isa = PBXBuildFile; fileRef = 542D4EB521A4E87100D041F4 /* Assets.xcassets */; };
		542D4EB921A4E87100D041F4 /* LaunchScreen.storyboard in Resources */ = {isa = PBXBuildFile; fileRef = 542D4EB721A4E87100D041F4 /* LaunchScreen.storyboard */; };
		5459F2AE21AB9AC300450EFD /* MovieVO.swift in Sources */ = {isa = PBXBuildFile; fileRef = 5459F2AD21AB9AC300450EFD /* MovieVO.swift */; };
		5459F2B021ABA68700450EFD /* MovieCell.swift in Sources */ = {isa = PBXBuildFile; fileRef = 5459F2AF21ABA68700450EFD /* MovieCell.swift */; };
		5466910821B4B33400E09817 /* ProfileVC.swift in Sources */ = {isa = PBXBuildFile; fileRef = 5466910721B4B33400E09817 /* ProfileVC.swift */; };
		5466910A21B4FA2500E09817 /* MemoDAO.swift in Sources */ = {isa = PBXBuildFile; fileRef = 5466910921B4FA2500E09817 /* MemoDAO.swift */; };
		546AE10121B9672C001AA823 /* 이력서사진.JPG in Resources */ = {isa = PBXBuildFile; fileRef = 546AE10021B9672C001AA823 /* 이력서사진.JPG */; };
		5488AE0721ACDCC6000A100D /* DetailViewController.swift in Sources */ = {isa = PBXBuildFile; fileRef = 5488AE0621ACDCC6000A100D /* DetailViewController.swift */; };
		548B8FCA21AF741E0089DB0F /* MemoCell.swift in Sources */ = {isa = PBXBuildFile; fileRef = 548B8FC921AF741E0089DB0F /* MemoCell.swift */; };
		548B8FCD21AF98620089DB0F /* IMG_3554.PNG in Resources */ = {isa = PBXBuildFile; fileRef = 548B8FCC21AF98620089DB0F /* IMG_3554.PNG */; };
		54C2B6BF21AE1E41000B5DFB /* DisplayMapViewController.swift in Sources */ = {isa = PBXBuildFile; fileRef = 54C2B6BE21AE1E41000B5DFB /* DisplayMapViewController.swift */; };
		54C2B6C321AE30B3000B5DFB /* MemoListVC.swift in Sources */ = {isa = PBXBuildFile; fileRef = 54C2B6C221AE30B3000B5DFB /* MemoListVC.swift */; };
		54C2B6C521AE40DC000B5DFB /* MemoFormVC.swift in Sources */ = {isa = PBXBuildFile; fileRef = 54C2B6C421AE40DC000B5DFB /* MemoFormVC.swift */; };
		54C2B6C721AE60E7000B5DFB /* MemoReadVC.swift in Sources */ = {isa = PBXBuildFile; fileRef = 54C2B6C621AE60E7000B5DFB /* MemoReadVC.swift */; };
		54C2B6C921AE698F000B5DFB /* MemoVO.swift in Sources */ = {isa = PBXBuildFile; fileRef = 54C2B6C821AE698F000B5DFB /* MemoVO.swift */; };
		54C9740021B10540007058F4 /* memo-background@2x.png in Resources */ = {isa = PBXBuildFile; fileRef = 54C973FE21B10540007058F4 /* memo-background@2x.png */; };
		54C9740121B10540007058F4 /* warning-icon-60@2x.png in Resources */ = {isa = PBXBuildFile; fileRef = 54C973FF21B10540007058F4 /* warning-icon-60@2x.png */; };
		54C9740921B11306007058F4 /* SWRevealViewController.m in Sources */ = {isa = PBXBuildFile; fileRef = 54C9740821B11306007058F4 /* SWRevealViewController.m */; };
		54C9740B21B11564007058F4 /* SideBarVC.swift in Sources */ = {isa = PBXBuildFile; fileRef = 54C9740A21B11564007058F4 /* SideBarVC.swift */; };
		54C9741621B1174B007058F4 /* icon01.png in Resources */ = {isa = PBXBuildFile; fileRef = 54C9740C21B1174A007058F4 /* icon01.png */; };
		54C9741721B1174B007058F4 /* icon04.png in Resources */ = {isa = PBXBuildFile; fileRef = 54C9740D21B1174A007058F4 /* icon04.png */; };
		54C9741821B1174B007058F4 /* icon02.png in Resources */ = {isa = PBXBuildFile; fileRef = 54C9740E21B1174A007058F4 /* icon02.png */; };
		54C9741921B1174B007058F4 /* more@2x.png in Resources */ = {isa = PBXBuildFile; fileRef = 54C9740F21B1174A007058F4 /* more@2x.png */; };
		54C9741A21B1174B007058F4 /* account@2x.jpg in Resources */ = {isa = PBXBuildFile; fileRef = 54C9741021B1174A007058F4 /* account@2x.jpg */; };
		54C9741B21B1174B007058F4 /* profile-bg.png in Resources */ = {isa = PBXBuildFile; fileRef = 54C9741121B1174A007058F4 /* profile-bg.png */; };
		54C9741C21B1174B007058F4 /* sidemenu.png in Resources */ = {isa = PBXBuildFile; fileRef = 54C9741221B1174B007058F4 /* sidemenu.png */; };
		54C9741D21B1174B007058F4 /* icon03.png in Resources */ = {isa = PBXBuildFile; fileRef = 54C9741321B1174B007058F4 /* icon03.png */; };
		54C9741E21B1174B007058F4 /* icon05.png in Resources */ = {isa = PBXBuildFile; fileRef = 54C9741421B1174B007058F4 /* icon05.png */; };
		54C9741F21B1174B007058F4 /* icon06.png in Resources */ = {isa = PBXBuildFile; fileRef = 54C9741521B1174B007058F4 /* icon06.png */; };
		54F331A421AD129A00D7F44D /* TheaterCell.swift in Sources */ = {isa = PBXBuildFile; fileRef = 54F331A321AD129A00D7F44D /* TheaterCell.swift */; };
		910941B83950CD5E91E2F9DB /* Pods_SampleIOS.framework in Frameworks */ = {isa = PBXBuildFile; fileRef = 01C34FE0B177C224F35E397A /* Pods_SampleIOS.framework */; };
		F1A2F40C709E851B840600FE /* Pods_MemberManagement.framework in Frameworks */ = {isa = PBXBuildFile; fileRef = 2BAAADBFF4E57979C261D9F2 /* Pods_MemberManagement.framework */; };
/* End PBXBuildFile section */

/* Begin PBXFileReference section */
		01C34FE0B177C224F35E397A /* Pods_SampleIOS.framework */ = {isa = PBXFileReference; explicitFileType = wrapper.framework; includeInIndex = 0; path = Pods_SampleIOS.framework; sourceTree = BUILT_PRODUCTS_DIR; };
		0A89C0CBD2482345C1342730 /* Pods-MemberManagement.debug.xcconfig */ = {isa = PBXFileReference; includeInIndex = 1; lastKnownFileType = text.xcconfig; name = "Pods-MemberManagement.debug.xcconfig"; path = "Pods/Target Support Files/Pods-MemberManagement/Pods-MemberManagement.debug.xcconfig"; sourceTree = "<group>"; };
		2BAAADBFF4E57979C261D9F2 /* Pods_MemberManagement.framework */ = {isa = PBXFileReference; explicitFileType = wrapper.framework; includeInIndex = 0; path = Pods_MemberManagement.framework; sourceTree = BUILT_PRODUCTS_DIR; };
		5404D52B21AB881A0092DD62 /* MovieListController.swift */ = {isa = PBXFileReference; lastKnownFileType = sourcecode.swift; path = MovieListController.swift; sourceTree = "<group>"; };
		540916C521ACF9B9002A3A3C /* TheaterListController.swift */ = {isa = PBXFileReference; lastKnownFileType = sourcecode.swift; path = TheaterListController.swift; sourceTree = "<group>"; };
		542D4E8D21A4E80B00D041F4 /* SampleIOS.app */ = {isa = PBXFileReference; explicitFileType = wrapper.application; includeInIndex = 0; path = SampleIOS.app; sourceTree = BUILT_PRODUCTS_DIR; };
		542D4E9021A4E80B00D041F4 /* AppDelegate.swift */ = {isa = PBXFileReference; lastKnownFileType = sourcecode.swift; path = AppDelegate.swift; sourceTree = "<group>"; };
		542D4E9221A4E80B00D041F4 /* ViewController.swift */ = {isa = PBXFileReference; lastKnownFileType = sourcecode.swift; path = ViewController.swift; sourceTree = "<group>"; };
		542D4E9521A4E80B00D041F4 /* Base */ = {isa = PBXFileReference; lastKnownFileType = file.storyboard; name = Base; path = Base.lproj/Main.storyboard; sourceTree = "<group>"; };
		542D4E9821A4E80B00D041F4 /* SampleIOS.xcdatamodel */ = {isa = PBXFileReference; lastKnownFileType = wrapper.xcdatamodel; path = SampleIOS.xcdatamodel; sourceTree = "<group>"; };
		542D4E9A21A4E80D00D041F4 /* Assets.xcassets */ = {isa = PBXFileReference; lastKnownFileType = folder.assetcatalog; path = Assets.xcassets; sourceTree = "<group>"; };
		542D4E9D21A4E80D00D041F4 /* Base */ = {isa = PBXFileReference; lastKnownFileType = file.storyboard; name = Base; path = Base.lproj/LaunchScreen.storyboard; sourceTree = "<group>"; };
		542D4E9F21A4E80D00D041F4 /* Info.plist */ = {isa = PBXFileReference; lastKnownFileType = text.plist.xml; path = Info.plist; sourceTree = "<group>"; };
		542D4EA921A4E87000D041F4 /* MemberManagement.app */ = {isa = PBXFileReference; explicitFileType = wrapper.application; includeInIndex = 0; path = MemberManagement.app; sourceTree = BUILT_PRODUCTS_DIR; };
		542D4EAB21A4E87000D041F4 /* AppDelegate.swift */ = {isa = PBXFileReference; lastKnownFileType = sourcecode.swift; path = AppDelegate.swift; sourceTree = "<group>"; };
		542D4EAD21A4E87000D041F4 /* ViewController.swift */ = {isa = PBXFileReference; lastKnownFileType = sourcecode.swift; path = ViewController.swift; sourceTree = "<group>"; };
		542D4EB021A4E87000D041F4 /* Base */ = {isa = PBXFileReference; lastKnownFileType = file.storyboard; name = Base; path = Base.lproj/Main.storyboard; sourceTree = "<group>"; };
		542D4EB321A4E87000D041F4 /* MemberManagement.xcdatamodel */ = {isa = PBXFileReference; lastKnownFileType = wrapper.xcdatamodel; path = MemberManagement.xcdatamodel; sourceTree = "<group>"; };
		542D4EB521A4E87100D041F4 /* Assets.xcassets */ = {isa = PBXFileReference; lastKnownFileType = folder.assetcatalog; path = Assets.xcassets; sourceTree = "<group>"; };
		542D4EB821A4E87100D041F4 /* Base */ = {isa = PBXFileReference; lastKnownFileType = file.storyboard; name = Base; path = Base.lproj/LaunchScreen.storyboard; sourceTree = "<group>"; };
		542D4EBA21A4E87100D041F4 /* Info.plist */ = {isa = PBXFileReference; lastKnownFileType = text.plist.xml; path = Info.plist; sourceTree = "<group>"; };
		5459F2AD21AB9AC300450EFD /* MovieVO.swift */ = {isa = PBXFileReference; lastKnownFileType = sourcecode.swift; path = MovieVO.swift; sourceTree = "<group>"; };
		5459F2AF21ABA68700450EFD /* MovieCell.swift */ = {isa = PBXFileReference; lastKnownFileType = sourcecode.swift; path = MovieCell.swift; sourceTree = "<group>"; };
		5466910721B4B33400E09817 /* ProfileVC.swift */ = {isa = PBXFileReference; lastKnownFileType = sourcecode.swift; path = ProfileVC.swift; sourceTree = "<group>"; };
		5466910921B4FA2500E09817 /* MemoDAO.swift */ = {isa = PBXFileReference; lastKnownFileType = sourcecode.swift; path = MemoDAO.swift; sourceTree = "<group>"; };
		546AE10021B9672C001AA823 /* 이력서사진.JPG */ = {isa = PBXFileReference; lastKnownFileType = image.jpeg; path = "이력서사진.JPG"; sourceTree = "<group>"; };
		5488AE0621ACDCC6000A100D /* DetailViewController.swift */ = {isa = PBXFileReference; lastKnownFileType = sourcecode.swift; path = DetailViewController.swift; sourceTree = "<group>"; };
		548B8FC921AF741E0089DB0F /* MemoCell.swift */ = {isa = PBXFileReference; lastKnownFileType = sourcecode.swift; path = MemoCell.swift; sourceTree = "<group>"; };
		548B8FCC21AF98620089DB0F /* IMG_3554.PNG */ = {isa = PBXFileReference; lastKnownFileType = image.png; path = IMG_3554.PNG; sourceTree = "<group>"; };
		54C2B6BE21AE1E41000B5DFB /* DisplayMapViewController.swift */ = {isa = PBXFileReference; lastKnownFileType = sourcecode.swift; path = DisplayMapViewController.swift; sourceTree = "<group>"; };
		54C2B6C221AE30B3000B5DFB /* MemoListVC.swift */ = {isa = PBXFileReference; lastKnownFileType = sourcecode.swift; path = MemoListVC.swift; sourceTree = "<group>"; };
		54C2B6C421AE40DC000B5DFB /* MemoFormVC.swift */ = {isa = PBXFileReference; lastKnownFileType = sourcecode.swift; path = MemoFormVC.swift; sourceTree = "<group>"; };
		54C2B6C621AE60E7000B5DFB /* MemoReadVC.swift */ = {isa = PBXFileReference; lastKnownFileType = sourcecode.swift; path = MemoReadVC.swift; sourceTree = "<group>"; };
		54C2B6C821AE698F000B5DFB /* MemoVO.swift */ = {isa = PBXFileReference; lastKnownFileType = sourcecode.swift; path = MemoVO.swift; sourceTree = "<group>"; };
		54C973FE21B10540007058F4 /* memo-background@2x.png */ = {isa = PBXFileReference; lastKnownFileType = image.png; path = "memo-background@2x.png"; sourceTree = "<group>"; };
		54C973FF21B10540007058F4 /* warning-icon-60@2x.png */ = {isa = PBXFileReference; lastKnownFileType = image.png; path = "warning-icon-60@2x.png"; sourceTree = "<group>"; };
		54C9740621B11305007058F4 /* MemberManagement-Bridging-Header.h */ = {isa = PBXFileReference; lastKnownFileType = sourcecode.c.h; path = "MemberManagement-Bridging-Header.h"; sourceTree = "<group>"; };
		54C9740721B11306007058F4 /* SWRevealViewController.h */ = {isa = PBXFileReference; fileEncoding = 4; lastKnownFileType = sourcecode.c.h; path = SWRevealViewController.h; sourceTree = "<group>"; };
		54C9740821B11306007058F4 /* SWRevealViewController.m */ = {isa = PBXFileReference; fileEncoding = 4; lastKnownFileType = sourcecode.c.objc; path = SWRevealViewController.m; sourceTree = "<group>"; };
		54C9740A21B11564007058F4 /* SideBarVC.swift */ = {isa = PBXFileReference; lastKnownFileType = sourcecode.swift; path = SideBarVC.swift; sourceTree = "<group>"; };
		54C9740C21B1174A007058F4 /* icon01.png */ = {isa = PBXFileReference; lastKnownFileType = image.png; path = icon01.png; sourceTree = "<group>"; };
		54C9740D21B1174A007058F4 /* icon04.png */ = {isa = PBXFileReference; lastKnownFileType = image.png; path = icon04.png; sourceTree = "<group>"; };
		54C9740E21B1174A007058F4 /* icon02.png */ = {isa = PBXFileReference; lastKnownFileType = image.png; path = icon02.png; sourceTree = "<group>"; };
		54C9740F21B1174A007058F4 /* more@2x.png */ = {isa = PBXFileReference; lastKnownFileType = image.png; path = "more@2x.png"; sourceTree = "<group>"; };
		54C9741021B1174A007058F4 /* account@2x.jpg */ = {isa = PBXFileReference; lastKnownFileType = image.jpeg; path = "account@2x.jpg"; sourceTree = "<group>"; };
		54C9741121B1174A007058F4 /* profile-bg.png */ = {isa = PBXFileReference; lastKnownFileType = image.png; path = "profile-bg.png"; sourceTree = "<group>"; };
		54C9741221B1174B007058F4 /* sidemenu.png */ = {isa = PBXFileReference; lastKnownFileType = image.png; path = sidemenu.png; sourceTree = "<group>"; };
		54C9741321B1174B007058F4 /* icon03.png */ = {isa = PBXFileReference; lastKnownFileType = image.png; path = icon03.png; sourceTree = "<group>"; };
		54C9741421B1174B007058F4 /* icon05.png */ = {isa = PBXFileReference; lastKnownFileType = image.png; path = icon05.png; sourceTree = "<group>"; };
		54C9741521B1174B007058F4 /* icon06.png */ = {isa = PBXFileReference; lastKnownFileType = image.png; path = icon06.png; sourceTree = "<group>"; };
		54F331A321AD129A00D7F44D /* TheaterCell.swift */ = {isa = PBXFileReference; lastKnownFileType = sourcecode.swift; path = TheaterCell.swift; sourceTree = "<group>"; };
		57CF686E3C86F5297A193A59 /* Pods-SampleIOS.debug.xcconfig */ = {isa = PBXFileReference; includeInIndex = 1; lastKnownFileType = text.xcconfig; name = "Pods-SampleIOS.debug.xcconfig"; path = "Pods/Target Support Files/Pods-SampleIOS/Pods-SampleIOS.debug.xcconfig"; sourceTree = "<group>"; };
		C0A291EA362E3F99B755D2DA /* Pods-SampleIOS.release.xcconfig */ = {isa = PBXFileReference; includeInIndex = 1; lastKnownFileType = text.xcconfig; name = "Pods-SampleIOS.release.xcconfig"; path = "Pods/Target Support Files/Pods-SampleIOS/Pods-SampleIOS.release.xcconfig"; sourceTree = "<group>"; };
		E9F842DD0E3D2AF819923B78 /* Pods-MemberManagement.release.xcconfig */ = {isa = PBXFileReference; includeInIndex = 1; lastKnownFileType = text.xcconfig; name = "Pods-MemberManagement.release.xcconfig"; path = "Pods/Target Support Files/Pods-MemberManagement/Pods-MemberManagement.release.xcconfig"; sourceTree = "<group>"; };
/* End PBXFileReference section */

/* Begin PBXFrameworksBuildPhase section */
		542D4E8A21A4E80B00D041F4 /* Frameworks */ = {
			isa = PBXFrameworksBuildPhase;
			buildActionMask = 2147483647;
			files = (
				910941B83950CD5E91E2F9DB /* Pods_SampleIOS.framework in Frameworks */,
			);
			runOnlyForDeploymentPostprocessing = 0;
		};
		542D4EA621A4E87000D041F4 /* Frameworks */ = {
			isa = PBXFrameworksBuildPhase;
			buildActionMask = 2147483647;
			files = (
				F1A2F40C709E851B840600FE /* Pods_MemberManagement.framework in Frameworks */,
			);
			runOnlyForDeploymentPostprocessing = 0;
		};
/* End PBXFrameworksBuildPhase section */

/* Begin PBXGroup section */
		3976F76F90A017BF75CF59CB /* Pods */ = {
			isa = PBXGroup;
			children = (
				0A89C0CBD2482345C1342730 /* Pods-MemberManagement.debug.xcconfig */,
				E9F842DD0E3D2AF819923B78 /* Pods-MemberManagement.release.xcconfig */,
				57CF686E3C86F5297A193A59 /* Pods-SampleIOS.debug.xcconfig */,
				C0A291EA362E3F99B755D2DA /* Pods-SampleIOS.release.xcconfig */,
			);
			name = Pods;
			sourceTree = "<group>";
		};
		542D4E8421A4E80B00D041F4 = {
			isa = PBXGroup;
			children = (
				542D4E8F21A4E80B00D041F4 /* SampleIOS */,
				542D4EAA21A4E87000D041F4 /* MemberManagement */,
				542D4E8E21A4E80B00D041F4 /* Products */,
				3976F76F90A017BF75CF59CB /* Pods */,
				EEFE47E088CEDC4501D7F868 /* Frameworks */,
			);
			sourceTree = "<group>";
		};
		542D4E8E21A4E80B00D041F4 /* Products */ = {
			isa = PBXGroup;
			children = (
				542D4E8D21A4E80B00D041F4 /* SampleIOS.app */,
				542D4EA921A4E87000D041F4 /* MemberManagement.app */,
			);
			name = Products;
			sourceTree = "<group>";
		};
		542D4E8F21A4E80B00D041F4 /* SampleIOS */ = {
			isa = PBXGroup;
			children = (
				542D4E9021A4E80B00D041F4 /* AppDelegate.swift */,
				542D4E9221A4E80B00D041F4 /* ViewController.swift */,
				542D4E9421A4E80B00D041F4 /* Main.storyboard */,
				542D4E9A21A4E80D00D041F4 /* Assets.xcassets */,
				542D4E9C21A4E80D00D041F4 /* LaunchScreen.storyboard */,
				542D4E9F21A4E80D00D041F4 /* Info.plist */,
				542D4E9721A4E80B00D041F4 /* SampleIOS.xcdatamodeld */,
			);
			path = SampleIOS;
			sourceTree = "<group>";
		};
		542D4EAA21A4E87000D041F4 /* MemberManagement */ = {
			isa = PBXGroup;
			children = (
				548B8FCB21AF98380089DB0F /* Resources */,
				54C2B6C121AE307C000B5DFB /* Memo */,
				54C2B6C021AE3055000B5DFB /* Movie */,
				542D4EAB21A4E87000D041F4 /* AppDelegate.swift */,
				542D4EAD21A4E87000D041F4 /* ViewController.swift */,
				542D4EAF21A4E87000D041F4 /* Main.storyboard */,
				542D4EB521A4E87100D041F4 /* Assets.xcassets */,
				542D4EB721A4E87100D041F4 /* LaunchScreen.storyboard */,
				542D4EBA21A4E87100D041F4 /* Info.plist */,
				542D4EB221A4E87000D041F4 /* MemberManagement.xcdatamodeld */,
				54C9740721B11306007058F4 /* SWRevealViewController.h */,
				54C9740821B11306007058F4 /* SWRevealViewController.m */,
				54C9740621B11305007058F4 /* MemberManagement-Bridging-Header.h */,
				54C9740A21B11564007058F4 /* SideBarVC.swift */,
			);
			path = MemberManagement;
			sourceTree = "<group>";
		};
		548B8FCB21AF98380089DB0F /* Resources */ = {
			isa = PBXGroup;
			children = (
				546AE10021B9672C001AA823 /* 이력서사진.JPG */,
				54C9741021B1174A007058F4 /* account@2x.jpg */,
				54C9740C21B1174A007058F4 /* icon01.png */,
				54C9740E21B1174A007058F4 /* icon02.png */,
				54C9741321B1174B007058F4 /* icon03.png */,
				54C9740D21B1174A007058F4 /* icon04.png */,
				54C9741421B1174B007058F4 /* icon05.png */,
				54C9741521B1174B007058F4 /* icon06.png */,
				54C9740F21B1174A007058F4 /* more@2x.png */,
				54C9741121B1174A007058F4 /* profile-bg.png */,
				54C9741221B1174B007058F4 /* sidemenu.png */,
				54C973FE21B10540007058F4 /* memo-background@2x.png */,
				54C973FF21B10540007058F4 /* warning-icon-60@2x.png */,
				548B8FCC21AF98620089DB0F /* IMG_3554.PNG */,
			);
			path = Resources;
			sourceTree = "<group>";
		};
		54C2B6C021AE3055000B5DFB /* Movie */ = {
			isa = PBXGroup;
			children = (
				5404D52B21AB881A0092DD62 /* MovieListController.swift */,
				5459F2AD21AB9AC300450EFD /* MovieVO.swift */,
				5459F2AF21ABA68700450EFD /* MovieCell.swift */,
				5488AE0621ACDCC6000A100D /* DetailViewController.swift */,
				540916C521ACF9B9002A3A3C /* TheaterListController.swift */,
				54F331A321AD129A00D7F44D /* TheaterCell.swift */,
				54C2B6BE21AE1E41000B5DFB /* DisplayMapViewController.swift */,
			);
			path = Movie;
			sourceTree = "<group>";
		};
		54C2B6C121AE307C000B5DFB /* Memo */ = {
			isa = PBXGroup;
			children = (
				54C2B6C221AE30B3000B5DFB /* MemoListVC.swift */,
				54C2B6C421AE40DC000B5DFB /* MemoFormVC.swift */,
				54C2B6C621AE60E7000B5DFB /* MemoReadVC.swift */,
				54C2B6C821AE698F000B5DFB /* MemoVO.swift */,
				548B8FC921AF741E0089DB0F /* MemoCell.swift */,
				5466910721B4B33400E09817 /* ProfileVC.swift */,
				5466910921B4FA2500E09817 /* MemoDAO.swift */,
			);
			path = Memo;
			sourceTree = "<group>";
		};
		EEFE47E088CEDC4501D7F868 /* Frameworks */ = {
			isa = PBXGroup;
			children = (
				2BAAADBFF4E57979C261D9F2 /* Pods_MemberManagement.framework */,
				01C34FE0B177C224F35E397A /* Pods_SampleIOS.framework */,
			);
			name = Frameworks;
			sourceTree = "<group>";
		};
/* End PBXGroup section */

/* Begin PBXNativeTarget section */
		542D4E8C21A4E80B00D041F4 /* SampleIOS */ = {
			isa = PBXNativeTarget;
			buildConfigurationList = 542D4EA221A4E80D00D041F4 /* Build configuration list for PBXNativeTarget "SampleIOS" */;
			buildPhases = (
				D7E5AA9DE5C5574CD511937F /* [CP] Check Pods Manifest.lock */,
				542D4E8921A4E80B00D041F4 /* Sources */,
				542D4E8A21A4E80B00D041F4 /* Frameworks */,
				542D4E8B21A4E80B00D041F4 /* Resources */,
			);
			buildRules = (
			);
			dependencies = (
			);
			name = SampleIOS;
			productName = SampleIOS;
			productReference = 542D4E8D21A4E80B00D041F4 /* SampleIOS.app */;
			productType = "com.apple.product-type.application";
		};
		542D4EA821A4E87000D041F4 /* MemberManagement */ = {
			isa = PBXNativeTarget;
			buildConfigurationList = 542D4EBB21A4E87100D041F4 /* Build configuration list for PBXNativeTarget "MemberManagement" */;
			buildPhases = (
				D865F0248C18FDB57CDBF940 /* [CP] Check Pods Manifest.lock */,
				542D4EA521A4E87000D041F4 /* Sources */,
				542D4EA621A4E87000D041F4 /* Frameworks */,
				542D4EA721A4E87000D041F4 /* Resources */,
				A440A9EED73651EFEB39EDF7 /* [CP] Embed Pods Frameworks */,
			);
			buildRules = (
			);
			dependencies = (
			);
			name = MemberManagement;
			productName = MemberManagement;
			productReference = 542D4EA921A4E87000D041F4 /* MemberManagement.app */;
			productType = "com.apple.product-type.application";
		};
/* End PBXNativeTarget section */

/* Begin PBXProject section */
		542D4E8521A4E80B00D041F4 /* Project object */ = {
			isa = PBXProject;
			attributes = {
				LastSwiftUpdateCheck = 1010;
				LastUpgradeCheck = 1010;
				ORGANIZATIONNAME = Shin;
				TargetAttributes = {
					542D4E8C21A4E80B00D041F4 = {
						CreatedOnToolsVersion = 10.1;
					};
					542D4EA821A4E87000D041F4 = {
						CreatedOnToolsVersion = 10.1;
						LastSwiftMigration = 1010;
					};
				};
			};
			buildConfigurationList = 542D4E8821A4E80B00D041F4 /* Build configuration list for PBXProject "SampleIOS" */;
			compatibilityVersion = "Xcode 9.3";
			developmentRegion = en;
			hasScannedForEncodings = 0;
			knownRegions = (
				en,
				Base,
			);
			mainGroup = 542D4E8421A4E80B00D041F4;
			productRefGroup = 542D4E8E21A4E80B00D041F4 /* Products */;
			projectDirPath = "";
			projectRoot = "";
			targets = (
				542D4E8C21A4E80B00D041F4 /* SampleIOS */,
				542D4EA821A4E87000D041F4 /* MemberManagement */,
			);
		};
/* End PBXProject section */

/* Begin PBXResourcesBuildPhase section */
		542D4E8B21A4E80B00D041F4 /* Resources */ = {
			isa = PBXResourcesBuildPhase;
			buildActionMask = 2147483647;
			files = (
				542D4E9E21A4E80D00D041F4 /* LaunchScreen.storyboard in Resources */,
				542D4E9B21A4E80D00D041F4 /* Assets.xcassets in Resources */,
				542D4E9621A4E80B00D041F4 /* Main.storyboard in Resources */,
			);
			runOnlyForDeploymentPostprocessing = 0;
		};
		542D4EA721A4E87000D041F4 /* Resources */ = {
			isa = PBXResourcesBuildPhase;
			buildActionMask = 2147483647;
			files = (
				54C9740021B10540007058F4 /* memo-background@2x.png in Resources */,
				548B8FCD21AF98620089DB0F /* IMG_3554.PNG in Resources */,
				54C9741721B1174B007058F4 /* icon04.png in Resources */,
				542D4EB921A4E87100D041F4 /* LaunchScreen.storyboard in Resources */,
				54C9741E21B1174B007058F4 /* icon05.png in Resources */,
				54C9741B21B1174B007058F4 /* profile-bg.png in Resources */,
				54C9741821B1174B007058F4 /* icon02.png in Resources */,
				542D4EB621A4E87100D041F4 /* Assets.xcassets in Resources */,
				54C9741621B1174B007058F4 /* icon01.png in Resources */,
				54C9740121B10540007058F4 /* warning-icon-60@2x.png in Resources */,
				54C9741D21B1174B007058F4 /* icon03.png in Resources */,
				54C9741C21B1174B007058F4 /* sidemenu.png in Resources */,
				54C9741F21B1174B007058F4 /* icon06.png in Resources */,
				542D4EB121A4E87000D041F4 /* Main.storyboard in Resources */,
				546AE10121B9672C001AA823 /* 이력서사진.JPG in Resources */,
				54C9741921B1174B007058F4 /* more@2x.png in Resources */,
				54C9741A21B1174B007058F4 /* account@2x.jpg in Resources */,
			);
			runOnlyForDeploymentPostprocessing = 0;
		};
/* End PBXResourcesBuildPhase section */

/* Begin PBXShellScriptBuildPhase section */
		A440A9EED73651EFEB39EDF7 /* [CP] Embed Pods Frameworks */ = {
			isa = PBXShellScriptBuildPhase;
			buildActionMask = 2147483647;
			files = (
			);
			inputFileListPaths = (
			);
			inputPaths = (
				"${SRCROOT}/Pods/Target Support Files/Pods-MemberManagement/Pods-MemberManagement-frameworks.sh",
				"${BUILT_PRODUCTS_DIR}/Alamofire/Alamofire.framework",
			);
			name = "[CP] Embed Pods Frameworks";
			outputFileListPaths = (
			);
			outputPaths = (
				"${TARGET_BUILD_DIR}/${FRAMEWORKS_FOLDER_PATH}/Alamofire.framework",
			);
			runOnlyForDeploymentPostprocessing = 0;
			shellPath = /bin/sh;
			shellScript = "\"${SRCROOT}/Pods/Target Support Files/Pods-MemberManagement/Pods-MemberManagement-frameworks.sh\"\n";
			showEnvVarsInLog = 0;
		};
		D7E5AA9DE5C5574CD511937F /* [CP] Check Pods Manifest.lock */ = {
			isa = PBXShellScriptBuildPhase;
			buildActionMask = 2147483647;
			files = (
			);
			inputFileListPaths = (
			);
			inputPaths = (
				"${PODS_PODFILE_DIR_PATH}/Podfile.lock",
				"${PODS_ROOT}/Manifest.lock",
			);
			name = "[CP] Check Pods Manifest.lock";
			outputFileListPaths = (
			);
			outputPaths = (
				"$(DERIVED_FILE_DIR)/Pods-SampleIOS-checkManifestLockResult.txt",
			);
			runOnlyForDeploymentPostprocessing = 0;
			shellPath = /bin/sh;
			shellScript = "diff \"${PODS_PODFILE_DIR_PATH}/Podfile.lock\" \"${PODS_ROOT}/Manifest.lock\" > /dev/null\nif [ $? != 0 ] ; then\n    # print error to STDERR\n    echo \"error: The sandbox is not in sync with the Podfile.lock. Run 'pod install' or update your CocoaPods installation.\" >&2\n    exit 1\nfi\n# This output is used by Xcode 'outputs' to avoid re-running this script phase.\necho \"SUCCESS\" > \"${SCRIPT_OUTPUT_FILE_0}\"\n";
			showEnvVarsInLog = 0;
		};
		D865F0248C18FDB57CDBF940 /* [CP] Check Pods Manifest.lock */ = {
			isa = PBXShellScriptBuildPhase;
			buildActionMask = 2147483647;
			files = (
			);
			inputFileListPaths = (
			);
			inputPaths = (
				"${PODS_PODFILE_DIR_PATH}/Podfile.lock",
				"${PODS_ROOT}/Manifest.lock",
			);
			name = "[CP] Check Pods Manifest.lock";
			outputFileListPaths = (
			);
			outputPaths = (
				"$(DERIVED_FILE_DIR)/Pods-MemberManagement-checkManifestLockResult.txt",
			);
			runOnlyForDeploymentPostprocessing = 0;
			shellPath = /bin/sh;
			shellScript = "diff \"${PODS_PODFILE_DIR_PATH}/Podfile.lock\" \"${PODS_ROOT}/Manifest.lock\" > /dev/null\nif [ $? != 0 ] ; then\n    # print error to STDERR\n    echo \"error: The sandbox is not in sync with the Podfile.lock. Run 'pod install' or update your CocoaPods installation.\" >&2\n    exit 1\nfi\n# This output is used by Xcode 'outputs' to avoid re-running this script phase.\necho \"SUCCESS\" > \"${SCRIPT_OUTPUT_FILE_0}\"\n";
			showEnvVarsInLog = 0;
		};
/* End PBXShellScriptBuildPhase section */

/* Begin PBXSourcesBuildPhase section */
		542D4E8921A4E80B00D041F4 /* Sources */ = {
			isa = PBXSourcesBuildPhase;
			buildActionMask = 2147483647;
			files = (
				542D4E9321A4E80B00D041F4 /* ViewController.swift in Sources */,
				542D4E9121A4E80B00D041F4 /* AppDelegate.swift in Sources */,
				542D4E9921A4E80B00D041F4 /* SampleIOS.xcdatamodeld in Sources */,
			);
			runOnlyForDeploymentPostprocessing = 0;
		};
		542D4EA521A4E87000D041F4 /* Sources */ = {
			isa = PBXSourcesBuildPhase;
			buildActionMask = 2147483647;
			files = (
				5404D52C21AB881A0092DD62 /* MovieListController.swift in Sources */,
				542D4EAE21A4E87000D041F4 /* ViewController.swift in Sources */,
				54C2B6C521AE40DC000B5DFB /* MemoFormVC.swift in Sources */,
				5459F2B021ABA68700450EFD /* MovieCell.swift in Sources */,
				540916C621ACF9B9002A3A3C /* TheaterListController.swift in Sources */,
				5466910A21B4FA2500E09817 /* MemoDAO.swift in Sources */,
				54C9740B21B11564007058F4 /* SideBarVC.swift in Sources */,
				54F331A421AD129A00D7F44D /* TheaterCell.swift in Sources */,
				542D4EB421A4E87000D041F4 /* MemberManagement.xcdatamodeld in Sources */,
				54C2B6BF21AE1E41000B5DFB /* DisplayMapViewController.swift in Sources */,
				542D4EAC21A4E87000D041F4 /* AppDelegate.swift in Sources */,
				5459F2AE21AB9AC300450EFD /* MovieVO.swift in Sources */,
				54C2B6C921AE698F000B5DFB /* MemoVO.swift in Sources */,
				5466910821B4B33400E09817 /* ProfileVC.swift in Sources */,
				54C9740921B11306007058F4 /* SWRevealViewController.m in Sources */,
				548B8FCA21AF741E0089DB0F /* MemoCell.swift in Sources */,
				54C2B6C721AE60E7000B5DFB /* MemoReadVC.swift in Sources */,
				5488AE0721ACDCC6000A100D /* DetailViewController.swift in Sources */,
				54C2B6C321AE30B3000B5DFB /* MemoListVC.swift in Sources */,
			);
			runOnlyForDeploymentPostprocessing = 0;
		};
/* End PBXSourcesBuildPhase section */

/* Begin PBXVariantGroup section */
		542D4E9421A4E80B00D041F4 /* Main.storyboard */ = {
			isa = PBXVariantGroup;
			children = (
				542D4E9521A4E80B00D041F4 /* Base */,
			);
			name = Main.storyboard;
			sourceTree = "<group>";
		};
		542D4E9C21A4E80D00D041F4 /* LaunchScreen.storyboard */ = {
			isa = PBXVariantGroup;
			children = (
				542D4E9D21A4E80D00D041F4 /* Base */,
			);
			name = LaunchScreen.storyboard;
			sourceTree = "<group>";
		};
		542D4EAF21A4E87000D041F4 /* Main.storyboard */ = {
			isa = PBXVariantGroup;
			children = (
				542D4EB021A4E87000D041F4 /* Base */,
			);
			name = Main.storyboard;
			sourceTree = "<group>";
		};
		542D4EB721A4E87100D041F4 /* LaunchScreen.storyboard */ = {
			isa = PBXVariantGroup;
			children = (
				542D4EB821A4E87100D041F4 /* Base */,
			);
			name = LaunchScreen.storyboard;
			sourceTree = "<group>";
		};
/* End PBXVariantGroup section */

/* Begin XCBuildConfiguration section */
		542D4EA021A4E80D00D041F4 /* Debug */ = {
			isa = XCBuildConfiguration;
			buildSettings = {
				ALWAYS_SEARCH_USER_PATHS = NO;
				CLANG_ANALYZER_NONNULL = YES;
				CLANG_ANALYZER_NUMBER_OBJECT_CONVERSION = YES_AGGRESSIVE;
				CLANG_CXX_LANGUAGE_STANDARD = "gnu++14";
				CLANG_CXX_LIBRARY = "libc++";
				CLANG_ENABLE_MODULES = YES;
				CLANG_ENABLE_OBJC_ARC = YES;
				CLANG_ENABLE_OBJC_WEAK = YES;
				CLANG_WARN_BLOCK_CAPTURE_AUTORELEASING = YES;
				CLANG_WARN_BOOL_CONVERSION = YES;
				CLANG_WARN_COMMA = YES;
				CLANG_WARN_CONSTANT_CONVERSION = YES;
				CLANG_WARN_DEPRECATED_OBJC_IMPLEMENTATIONS = YES;
				CLANG_WARN_DIRECT_OBJC_ISA_USAGE = YES_ERROR;
				CLANG_WARN_DOCUMENTATION_COMMENTS = YES;
				CLANG_WARN_EMPTY_BODY = YES;
				CLANG_WARN_ENUM_CONVERSION = YES;
				CLANG_WARN_INFINITE_RECURSION = YES;
				CLANG_WARN_INT_CONVERSION = YES;
				CLANG_WARN_NON_LITERAL_NULL_CONVERSION = YES;
				CLANG_WARN_OBJC_IMPLICIT_RETAIN_SELF = YES;
				CLANG_WARN_OBJC_LITERAL_CONVERSION = YES;
				CLANG_WARN_OBJC_ROOT_CLASS = YES_ERROR;
				CLANG_WARN_RANGE_LOOP_ANALYSIS = YES;
				CLANG_WARN_STRICT_PROTOTYPES = YES;
				CLANG_WARN_SUSPICIOUS_MOVE = YES;
				CLANG_WARN_UNGUARDED_AVAILABILITY = YES_AGGRESSIVE;
				CLANG_WARN_UNREACHABLE_CODE = YES;
				CLANG_WARN__DUPLICATE_METHOD_MATCH = YES;
				CODE_SIGN_IDENTITY = "iPhone Developer";
				COPY_PHASE_STRIP = NO;
				DEBUG_INFORMATION_FORMAT = dwarf;
				ENABLE_STRICT_OBJC_MSGSEND = YES;
				ENABLE_TESTABILITY = YES;
				GCC_C_LANGUAGE_STANDARD = gnu11;
				GCC_DYNAMIC_NO_PIC = NO;
				GCC_NO_COMMON_BLOCKS = YES;
				GCC_OPTIMIZATION_LEVEL = 0;
				GCC_PREPROCESSOR_DEFINITIONS = (
					"DEBUG=1",
					"$(inherited)",
				);
				GCC_WARN_64_TO_32_BIT_CONVERSION = YES;
				GCC_WARN_ABOUT_RETURN_TYPE = YES_ERROR;
				GCC_WARN_UNDECLARED_SELECTOR = YES;
				GCC_WARN_UNINITIALIZED_AUTOS = YES_AGGRESSIVE;
				GCC_WARN_UNUSED_FUNCTION = YES;
				GCC_WARN_UNUSED_VARIABLE = YES;
				IPHONEOS_DEPLOYMENT_TARGET = 12.1;
				MTL_ENABLE_DEBUG_INFO = INCLUDE_SOURCE;
				MTL_FAST_MATH = YES;
				ONLY_ACTIVE_ARCH = YES;
				SDKROOT = iphoneos;
				SWIFT_ACTIVE_COMPILATION_CONDITIONS = DEBUG;
				SWIFT_OPTIMIZATION_LEVEL = "-Onone";
			};
			name = Debug;
		};
		542D4EA121A4E80D00D041F4 /* Release */ = {
			isa = XCBuildConfiguration;
			buildSettings = {
				ALWAYS_SEARCH_USER_PATHS = NO;
				CLANG_ANALYZER_NONNULL = YES;
				CLANG_ANALYZER_NUMBER_OBJECT_CONVERSION = YES_AGGRESSIVE;
				CLANG_CXX_LANGUAGE_STANDARD = "gnu++14";
				CLANG_CXX_LIBRARY = "libc++";
				CLANG_ENABLE_MODULES = YES;
				CLANG_ENABLE_OBJC_ARC = YES;
				CLANG_ENABLE_OBJC_WEAK = YES;
				CLANG_WARN_BLOCK_CAPTURE_AUTORELEASING = YES;
				CLANG_WARN_BOOL_CONVERSION = YES;
				CLANG_WARN_COMMA = YES;
				CLANG_WARN_CONSTANT_CONVERSION = YES;
				CLANG_WARN_DEPRECATED_OBJC_IMPLEMENTATIONS = YES;
				CLANG_WARN_DIRECT_OBJC_ISA_USAGE = YES_ERROR;
				CLANG_WARN_DOCUMENTATION_COMMENTS = YES;
				CLANG_WARN_EMPTY_BODY = YES;
				CLANG_WARN_ENUM_CONVERSION = YES;
				CLANG_WARN_INFINITE_RECURSION = YES;
				CLANG_WARN_INT_CONVERSION = YES;
				CLANG_WARN_NON_LITERAL_NULL_CONVERSION = YES;
				CLANG_WARN_OBJC_IMPLICIT_RETAIN_SELF = YES;
				CLANG_WARN_OBJC_LITERAL_CONVERSION = YES;
				CLANG_WARN_OBJC_ROOT_CLASS = YES_ERROR;
				CLANG_WARN_RANGE_LOOP_ANALYSIS = YES;
				CLANG_WARN_STRICT_PROTOTYPES = YES;
				CLANG_WARN_SUSPICIOUS_MOVE = YES;
				CLANG_WARN_UNGUARDED_AVAILABILITY = YES_AGGRESSIVE;
				CLANG_WARN_UNREACHABLE_CODE = YES;
				CLANG_WARN__DUPLICATE_METHOD_MATCH = YES;
				CODE_SIGN_IDENTITY = "iPhone Developer";
				COPY_PHASE_STRIP = NO;
				DEBUG_INFORMATION_FORMAT = "dwarf-with-dsym";
				ENABLE_NS_ASSERTIONS = NO;
				ENABLE_STRICT_OBJC_MSGSEND = YES;
				GCC_C_LANGUAGE_STANDARD = gnu11;
				GCC_NO_COMMON_BLOCKS = YES;
				GCC_WARN_64_TO_32_BIT_CONVERSION = YES;
				GCC_WARN_ABOUT_RETURN_TYPE = YES_ERROR;
				GCC_WARN_UNDECLARED_SELECTOR = YES;
				GCC_WARN_UNINITIALIZED_AUTOS = YES_AGGRESSIVE;
				GCC_WARN_UNUSED_FUNCTION = YES;
				GCC_WARN_UNUSED_VARIABLE = YES;
				IPHONEOS_DEPLOYMENT_TARGET = 12.1;
				MTL_ENABLE_DEBUG_INFO = NO;
				MTL_FAST_MATH = YES;
				SDKROOT = iphoneos;
				SWIFT_COMPILATION_MODE = wholemodule;
				SWIFT_OPTIMIZATION_LEVEL = "-O";
				VALIDATE_PRODUCT = YES;
			};
			name = Release;
		};
		542D4EA321A4E80D00D041F4 /* Debug */ = {
			isa = XCBuildConfiguration;
			baseConfigurationReference = 57CF686E3C86F5297A193A59 /* Pods-SampleIOS.debug.xcconfig */;
			buildSettings = {
				ASSETCATALOG_COMPILER_APPICON_NAME = AppIcon;
				CODE_SIGN_STYLE = Automatic;
				INFOPLIST_FILE = SampleIOS/Info.plist;
				LD_RUNPATH_SEARCH_PATHS = (
					"$(inherited)",
					"@executable_path/Frameworks",
				);
				PRODUCT_BUNDLE_IDENTIFIER = "ios-project.SampleIOS";
				PRODUCT_NAME = "$(TARGET_NAME)";
				SWIFT_VERSION = 4.2;
				TARGETED_DEVICE_FAMILY = "1,2";
			};
			name = Debug;
		};
		542D4EA421A4E80D00D041F4 /* Release */ = {
			isa = XCBuildConfiguration;
			baseConfigurationReference = C0A291EA362E3F99B755D2DA /* Pods-SampleIOS.release.xcconfig */;
			buildSettings = {
				ASSETCATALOG_COMPILER_APPICON_NAME = AppIcon;
				CODE_SIGN_STYLE = Automatic;
				INFOPLIST_FILE = SampleIOS/Info.plist;
				LD_RUNPATH_SEARCH_PATHS = (
					"$(inherited)",
					"@executable_path/Frameworks",
				);
				PRODUCT_BUNDLE_IDENTIFIER = "ios-project.SampleIOS";
				PRODUCT_NAME = "$(TARGET_NAME)";
				SWIFT_VERSION = 4.2;
				TARGETED_DEVICE_FAMILY = "1,2";
			};
			name = Release;
		};
		542D4EBC21A4E87100D041F4 /* Debug */ = {
			isa = XCBuildConfiguration;
			baseConfigurationReference = 0A89C0CBD2482345C1342730 /* Pods-MemberManagement.debug.xcconfig */;
			buildSettings = {
				ASSETCATALOG_COMPILER_APPICON_NAME = AppIcon;
				CLANG_ENABLE_MODULES = YES;
				CODE_SIGN_STYLE = Automatic;
				INFOPLIST_FILE = MemberManagement/Info.plist;
				LD_RUNPATH_SEARCH_PATHS = (
					"$(inherited)",
					"@executable_path/Frameworks",
				);
				PRODUCT_BUNDLE_IDENTIFIER = "ios-project.MemberManagement";
				PRODUCT_NAME = "$(TARGET_NAME)";
				SWIFT_OBJC_BRIDGING_HEADER = "MemberManagement/MemberManagement-Bridging-Header.h";
				SWIFT_OPTIMIZATION_LEVEL = "-Onone";
				SWIFT_VERSION = 4.2;
				TARGETED_DEVICE_FAMILY = "1,2";
			};
			name = Debug;
		};
		542D4EBD21A4E87100D041F4 /* Release */ = {
			isa = XCBuildConfiguration;
			baseConfigurationReference = E9F842DD0E3D2AF819923B78 /* Pods-MemberManagement.release.xcconfig */;
			buildSettings = {
				ASSETCATALOG_COMPILER_APPICON_NAME = AppIcon;
				CLANG_ENABLE_MODULES = YES;
				CODE_SIGN_STYLE = Automatic;
				INFOPLIST_FILE = MemberManagement/Info.plist;
				LD_RUNPATH_SEARCH_PATHS = (
					"$(inherited)",
					"@executable_path/Frameworks",
				);
				PRODUCT_BUNDLE_IDENTIFIER = "ios-project.MemberManagement";
				PRODUCT_NAME = "$(TARGET_NAME)";
				SWIFT_OBJC_BRIDGING_HEADER = "MemberManagement/MemberManagement-Bridging-Header.h";
				SWIFT_VERSION = 4.2;
				TARGETED_DEVICE_FAMILY = "1,2";
			};
			name = Release;
		};
/* End XCBuildConfiguration section */

/* Begin XCConfigurationList section */
		542D4E8821A4E80B00D041F4 /* Build configuration list for PBXProject "SampleIOS" */ = {
			isa = XCConfigurationList;
			buildConfigurations = (
				542D4EA021A4E80D00D041F4 /* Debug */,
				542D4EA121A4E80D00D041F4 /* Release */,
			);
			defaultConfigurationIsVisible = 0;
			defaultConfigurationName = Release;
		};
		542D4EA221A4E80D00D041F4 /* Build configuration list for PBXNativeTarget "SampleIOS" */ = {
			isa = XCConfigurationList;
			buildConfigurations = (
				542D4EA321A4E80D00D041F4 /* Debug */,
				542D4EA421A4E80D00D041F4 /* Release */,
			);
			defaultConfigurationIsVisible = 0;
			defaultConfigurationName = Release;
		};
		542D4EBB21A4E87100D041F4 /* Build configuration list for PBXNativeTarget "MemberManagement" */ = {
			isa = XCConfigurationList;
			buildConfigurations = (
				542D4EBC21A4E87100D041F4 /* Debug */,
				542D4EBD21A4E87100D041F4 /* Release */,
			);
			defaultConfigurationIsVisible = 0;
			defaultConfigurationName = Release;
		};
/* End XCConfigurationList section */

/* Begin XCVersionGroup section */
		542D4E9721A4E80B00D041F4 /* SampleIOS.xcdatamodeld */ = {
			isa = XCVersionGroup;
			children = (
				542D4E9821A4E80B00D041F4 /* SampleIOS.xcdatamodel */,
			);
			currentVersion = 542D4E9821A4E80B00D041F4 /* SampleIOS.xcdatamodel */;
			path = SampleIOS.xcdatamodeld;
			sourceTree = "<group>";
			versionGroupType = wrapper.xcdatamodel;
		};
		542D4EB221A4E87000D041F4 /* MemberManagement.xcdatamodeld */ = {
			isa = XCVersionGroup;
			children = (
				542D4EB321A4E87000D041F4 /* MemberManagement.xcdatamodel */,
			);
			currentVersion = 542D4EB321A4E87000D041F4 /* MemberManagement.xcdatamodel */;
			path = MemberManagement.xcdatamodeld;
			sourceTree = "<group>";
			versionGroupType = wrapper.xcdatamodel;
		};
/* End XCVersionGroup section */
	};
	rootObject = 542D4E8521A4E80B00D041F4 /* Project object */;
}
